
Microsoft Visual Studio Solution File, Format Version 12.00
# Visual Studio Version 17
VisualStudioVersion = 17.3.32922.545
MinimumVisualStudioVersion = 10.0.40219.1
Project("{FAE04EC0-301F-11D3-BF4B-00C04F79EFBC}") = "Petzey.Appointments.Repository", "Petzey.Appointments.Repository\Petzey.Appointments.Repository.csproj", "{7191DB6C-B4A8-435E-9FF9-F30A3588E80F}"
EndProject
Project("{FAE04EC0-301F-11D3-BF4B-00C04F79EFBC}") = "Petzey.Appointments.Business", "Petzey.Appointments.Business\Petzey.Appointments.Business.csproj", "{C3D2044B-B05A-4EFD-BC36-E51C60B35E9C}"
EndProject
Project("{FAE04EC0-301F-11D3-BF4B-00C04F79EFBC}") = "Petzey.Appointments.API", "Petzey.Appointments.API\Petzey.Appointments.API.csproj", "{7CA484D6-9A41-4516-B917-E4CDD616391D}"
EndProject
Project("{FAE04EC0-301F-11D3-BF4B-00C04F79EFBC}") = "Petzey.Appointments.Business.UnitTesting", "Petzey.Appointments.Business.UnitTesting\Petzey.Appointments.Business.UnitTesting.csproj", "{3236AB98-875A-42EA-8BA2-D2FF2C89CD47}"
EndProject
Global
	GlobalSection(SolutionConfigurationPlatforms) = preSolution
		Debug|Any CPU = Debug|Any CPU
		Release|Any CPU = Release|Any CPU
	EndGlobalSection
	GlobalSection(ProjectConfigurationPlatforms) = postSolution
		{7191DB6C-B4A8-435E-9FF9-F30A3588E80F}.Debug|Any CPU.ActiveCfg = Debug|Any CPU
		{7191DB6C-B4A8-435E-9FF9-F30A3588E80F}.Debug|Any CPU.Build.0 = Debug|Any CPU
		{7191DB6C-B4A8-435E-9FF9-F30A3588E80F}.Release|Any CPU.ActiveCfg = Release|Any CPU
		{7191DB6C-B4A8-435E-9FF9-F30A3588E80F}.Release|Any CPU.Build.0 = Release|Any CPU
		{C3D2044B-B05A-4EFD-BC36-E51C60B35E9C}.Debug|Any CPU.ActiveCfg = Debug|Any CPU
		{C3D2044B-B05A-4EFD-BC36-E51C60B35E9C}.Debug|Any CPU.Build.0 = Debug|Any CPU
		{C3D2044B-B05A-4EFD-BC36-E51C60B35E9C}.Release|Any CPU.ActiveCfg = Release|Any CPU
		{C3D2044B-B05A-4EFD-BC36-E51C60B35E9C}.Release|Any CPU.Build.0 = Release|Any CPU
		{7CA484D6-9A41-4516-B917-E4CDD616391D}.Debug|Any CPU.ActiveCfg = Debug|Any CPU
		{7CA484D6-9A41-4516-B917-E4CDD616391D}.Debug|Any CPU.Build.0 = Debug|Any CPU
		{7CA484D6-9A41-4516-B917-E4CDD616391D}.Release|Any CPU.ActiveCfg = Release|Any CPU
		{7CA484D6-9A41-4516-B917-E4CDD616391D}.Release|Any CPU.Build.0 = Release|Any CPU
		{3236AB98-875A-42EA-8BA2-D2FF2C89CD47}.Debug|Any CPU.ActiveCfg = Debug|Any CPU
		{3236AB98-875A-42EA-8BA2-D2FF2C89CD47}.Debug|Any CPU.Build.0 = Debug|Any CPU
		{3236AB98-875A-42EA-8BA2-D2FF2C89CD47}.Release|Any CPU.ActiveCfg = Release|Any CPU
		{3236AB98-875A-42EA-8BA2-D2FF2C89CD47}.Release|Any CPU.Build.0 = Release|Any CPU
	EndGlobalSection
	GlobalSection(SolutionProperties) = preSolution
		HideSolutionNode = FALSE
	EndGlobalSection
	GlobalSection(ExtensibilityGlobals) = postSolution
		SolutionGuid = {845F6EB9-0AB4-4CF9-8FE5-9BBA27283054}
	EndGlobalSection
EndGlobal
